
Microsoft Visual Studio Solution File, Format Version 12.00
# Visual Studio 2013
VisualStudioVersion = 12.0.40629.0
MinimumVisualStudioVersion = 10.0.40219.1
Project("{FAE04EC0-301F-11D3-BF4B-00C04F79EFBC}") = "Homework3", "Homework3\Homework3.csproj", "{B5735A4A-8B7D-4432-94CF-E43F1B3B7FEE}"
EndProject
Global
	GlobalSection(SolutionConfigurationPlatforms) = preSolution
		Debug|Any CPU = Debug|Any CPU
		Release|Any CPU = Release|Any CPU
	EndGlobalSection
	GlobalSection(ProjectConfigurationPlatforms) = postSolution
		{B5735A4A-8B7D-4432-94CF-E43F1B3B7FEE}.Debug|Any CPU.ActiveCfg = Debug|Any CPU
		{B5735A4A-8B7D-4432-94CF-E43F1B3B7FEE}.Debug|Any CPU.Build.0 = Debug|Any CPU
		{B5735A4A-8B7D-4432-94CF-E43F1B3B7FEE}.Release|Any CPU.ActiveCfg = Release|Any CPU
		{B5735A4A-8B7D-4432-94CF-E43F1B3B7FEE}.Release|Any CPU.Build.0 = Release|Any CPU
	EndGlobalSection
	GlobalSection(SolutionProperties) = preSolution
		HideSolutionNode = FALSE
	EndGlobalSection
EndGlobal
